
Microsoft Visual Studio Solution File, Format Version 12.00
# Visual Studio Version 17
VisualStudioVersion = 17.7.34031.279
MinimumVisualStudioVersion = 10.0.40219.1
Project("{FAE04EC0-301F-11D3-BF4B-00C04F79EFBC}") = "CountryServiceVrijdag", "CountryServiceVrijdag.csproj", "{CC768F32-5B54-47B0-9210-B82FB31BD7C3}"
EndProject
Global
	GlobalSection(SolutionConfigurationPlatforms) = preSolution
		Debug|Any CPU = Debug|Any CPU
		Release|Any CPU = Release|Any CPU
	EndGlobalSection
	GlobalSection(ProjectConfigurationPlatforms) = postSolution
		{CC768F32-5B54-47B0-9210-B82FB31BD7C3}.Debug|Any CPU.ActiveCfg = Debug|Any CPU
		{CC768F32-5B54-47B0-9210-B82FB31BD7C3}.Debug|Any CPU.Build.0 = Debug|Any CPU
		{CC768F32-5B54-47B0-9210-B82FB31BD7C3}.Release|Any CPU.ActiveCfg = Release|Any CPU
		{CC768F32-5B54-47B0-9210-B82FB31BD7C3}.Release|Any CPU.Build.0 = Release|Any CPU
	EndGlobalSection
	GlobalSection(SolutionProperties) = preSolution
		HideSolutionNode = FALSE
	EndGlobalSection
	GlobalSection(ExtensibilityGlobals) = postSolution
		SolutionGuid = {1FBFF236-9F68-40C1-8B69-7E141373A5DD}
	EndGlobalSection
EndGlobal
